
Microsoft Visual Studio Solution File, Format Version 12.00
# Visual Studio Version 16
VisualStudioVersion = 16.0.29709.97
MinimumVisualStudioVersion = 10.0.40219.1
Project("{FAE04EC0-301F-11D3-BF4B-00C04F79EFBC}") = "RandomNumberGenerator", "RandomNumberGenerator\RandomNumberGenerator.csproj", "{44FFF196-51AA-4A29-A64B-C91EECA3BE40}"
EndProject
Global
	GlobalSection(SolutionConfigurationPlatforms) = preSolution
		Debug|Any CPU = Debug|Any CPU
		Release|Any CPU = Release|Any CPU
	EndGlobalSection
	GlobalSection(ProjectConfigurationPlatforms) = postSolution
		{44FFF196-51AA-4A29-A64B-C91EECA3BE40}.Debug|Any CPU.ActiveCfg = Debug|Any CPU
		{44FFF196-51AA-4A29-A64B-C91EECA3BE40}.Debug|Any CPU.Build.0 = Debug|Any CPU
		{44FFF196-51AA-4A29-A64B-C91EECA3BE40}.Release|Any CPU.ActiveCfg = Release|Any CPU
		{44FFF196-51AA-4A29-A64B-C91EECA3BE40}.Release|Any CPU.Build.0 = Release|Any CPU
	EndGlobalSection
	GlobalSection(SolutionProperties) = preSolution
		HideSolutionNode = FALSE
	EndGlobalSection
	GlobalSection(ExtensibilityGlobals) = postSolution
		SolutionGuid = {1AEC39BD-DFCF-46C9-9797-058A7BBBAB34}
	EndGlobalSection
EndGlobal
